
Microsoft Visual Studio Solution File, Format Version 12.00
# Visual Studio Version 17
VisualStudioVersion = 17.9.34723.18
MinimumVisualStudioVersion = 10.0.40219.1
Project("{FAE04EC0-301F-11D3-BF4B-00C04F79EFBC}") = "Ex03.GarageLogic", "Ex03.GarageLogic\Ex03.GarageLogic.csproj", "{6EAD1E5D-A955-4C06-A38B-847102CD0391}"
EndProject
Project("{FAE04EC0-301F-11D3-BF4B-00C04F79EFBC}") = "Ex03.ConsoleUI", "Ex03.ConsoleUI\Ex03.ConsoleUI.csproj", "{461D0269-E8B0-481E-A066-C7E3261F16D1}"
EndProject
Global
	GlobalSection(SolutionConfigurationPlatforms) = preSolution
		Debug|Any CPU = Debug|Any CPU
		Release|Any CPU = Release|Any CPU
	EndGlobalSection
	GlobalSection(ProjectConfigurationPlatforms) = postSolution
		{6EAD1E5D-A955-4C06-A38B-847102CD0391}.Debug|Any CPU.ActiveCfg = Debug|Any CPU
		{6EAD1E5D-A955-4C06-A38B-847102CD0391}.Debug|Any CPU.Build.0 = Debug|Any CPU
		{6EAD1E5D-A955-4C06-A38B-847102CD0391}.Release|Any CPU.ActiveCfg = Release|Any CPU
		{6EAD1E5D-A955-4C06-A38B-847102CD0391}.Release|Any CPU.Build.0 = Release|Any CPU
		{461D0269-E8B0-481E-A066-C7E3261F16D1}.Debug|Any CPU.ActiveCfg = Debug|Any CPU
		{461D0269-E8B0-481E-A066-C7E3261F16D1}.Debug|Any CPU.Build.0 = Debug|Any CPU
		{461D0269-E8B0-481E-A066-C7E3261F16D1}.Release|Any CPU.ActiveCfg = Release|Any CPU
		{461D0269-E8B0-481E-A066-C7E3261F16D1}.Release|Any CPU.Build.0 = Release|Any CPU
	EndGlobalSection
	GlobalSection(SolutionProperties) = preSolution
		HideSolutionNode = FALSE
	EndGlobalSection
	GlobalSection(ExtensibilityGlobals) = postSolution
		SolutionGuid = {3574778D-B7F8-451F-B40C-56F423170328}
	EndGlobalSection
EndGlobal
